
Microsoft Visual Studio Solution File, Format Version 12.00
# Visual Studio 15
VisualStudioVersion = 15.0.28307.271
MinimumVisualStudioVersion = 10.0.40219.1
Project("{FAE04EC0-301F-11D3-BF4B-00C04F79EFBC}") = "EfSamurai.Data", "EfSamurai.Data\EfSamurai.Data.csproj", "{D2D875BD-691B-4BD0-AD10-40A181C864A0}"
EndProject
Project("{FAE04EC0-301F-11D3-BF4B-00C04F79EFBC}") = "EfSamurai.Domain", "EfSamurai.Domain\EfSamurai.Domain.csproj", "{1F838A85-0FD5-4D3E-A990-BD1F55E20EBD}"
EndProject
Global
	GlobalSection(SolutionConfigurationPlatforms) = preSolution
		Debug|Any CPU = Debug|Any CPU
		Release|Any CPU = Release|Any CPU
	EndGlobalSection
	GlobalSection(ProjectConfigurationPlatforms) = postSolution
		{D2D875BD-691B-4BD0-AD10-40A181C864A0}.Debug|Any CPU.ActiveCfg = Debug|Any CPU
		{D2D875BD-691B-4BD0-AD10-40A181C864A0}.Debug|Any CPU.Build.0 = Debug|Any CPU
		{D2D875BD-691B-4BD0-AD10-40A181C864A0}.Release|Any CPU.ActiveCfg = Release|Any CPU
		{D2D875BD-691B-4BD0-AD10-40A181C864A0}.Release|Any CPU.Build.0 = Release|Any CPU
		{1F838A85-0FD5-4D3E-A990-BD1F55E20EBD}.Debug|Any CPU.ActiveCfg = Debug|Any CPU
		{1F838A85-0FD5-4D3E-A990-BD1F55E20EBD}.Debug|Any CPU.Build.0 = Debug|Any CPU
		{1F838A85-0FD5-4D3E-A990-BD1F55E20EBD}.Release|Any CPU.ActiveCfg = Release|Any CPU
		{1F838A85-0FD5-4D3E-A990-BD1F55E20EBD}.Release|Any CPU.Build.0 = Release|Any CPU
	EndGlobalSection
	GlobalSection(SolutionProperties) = preSolution
		HideSolutionNode = FALSE
	EndGlobalSection
	GlobalSection(ExtensibilityGlobals) = postSolution
		SolutionGuid = {BC84A684-BCD1-4178-8D2D-DAFB9782ECDF}
	EndGlobalSection
EndGlobal
